{
    "_readme": [
        "This file locks the dependencies of your project to a known state",
        "Read more about it at https://getcomposer.org/doc/01-basic-usage.md#installing-dependencies",
        "This file is @generated automatically"
    ],
    "content-hash": "05cc9e2e51f76a9daf5698307e525379",
    "packages": [
        {
            "name": "erusev/parsedown",
            "version": "1.6.0",
            "source": {
                "type": "git",
                "url": "https://github.com/erusev/parsedown.git",
                "reference": "3ebbd730b5c2cf5ce78bc1bf64071407fc6674b7"
            },
            "dist": {
                "type": "zip",
                "url": "https://api.github.com/repos/erusev/parsedown/zipball/3ebbd730b5c2cf5ce78bc1bf64071407fc6674b7",
                "reference": "3ebbd730b5c2cf5ce78bc1bf64071407fc6674b7",
                "shasum": ""
            },
            "type": "library",
            "autoload": {
                "psr-0": {
                    "Parsedown": ""
                }
            },
            "notification-url": "https://packagist.org/downloads/",
            "license": [
                "MIT"
            ],
            "authors": [
                {
                    "name": "Emanuil Rusev",
                    "email": "hello@erusev.com",
                    "homepage": "http://erusev.com"
                }
            ],
            "description": "Parser for Markdown.",
            "homepage": "http://parsedown.org",
            "keywords": [
                "markdown",
                "parser"
            ],
            "time": "2015-10-04T16:44:32+00:00"
        },
        {
            "name": "erusev/parsedown-extra",
            "version": "0.7.1",
            "source": {
                "type": "git",
                "url": "https://github.com/erusev/parsedown-extra.git",
                "reference": "0db5cce7354e4b76f155d092ab5eb3981c21258c"
            },
            "dist": {
                "type": "zip",
                "url": "https://api.github.com/repos/erusev/parsedown-extra/zipball/0db5cce7354e4b76f155d092ab5eb3981c21258c",
                "reference": "0db5cce7354e4b76f155d092ab5eb3981c21258c",
                "shasum": ""
            },
            "require": {
                "erusev/parsedown": "~1.4"
            },
            "type": "library",
            "autoload": {
                "psr-0": {
                    "ParsedownExtra": ""
                }
            },
            "notification-url": "https://packagist.org/downloads/",
            "license": [
                "MIT"
            ],
            "authors": [
                {
                    "name": "Emanuil Rusev",
                    "email": "hello@erusev.com",
                    "homepage": "http://erusev.com"
                }
            ],
            "description": "An extension of Parsedown that adds support for Markdown Extra.",
            "homepage": "https://github.com/erusev/parsedown-extra",
            "keywords": [
                "markdown",
                "markdown extra",
                "parsedown",
                "parser"
            ],
            "time": "2015-11-01T10:19:22+00:00"
        },
        {
            "name": "fg/essence",
            "version": "2.4.0",
            "source": {
                "type": "git",
                "url": "https://github.com/essence/essence.git",
                "reference": "42824fa69f9ebc58b68a3297e730db989ec49f72"
            },
            "dist": {
                "type": "zip",
                "url": "https://api.github.com/repos/essence/essence/zipball/42824fa69f9ebc58b68a3297e730db989ec49f72",
                "reference": "42824fa69f9ebc58b68a3297e730db989ec49f72",
                "shasum": ""
            },
            "require": {
                "ext-curl": "*",
                "php": ">=5.4.0"
            },
            "suggest": {
                "felixgirault/essence-interfaces": "Allows better integration with different frameworks."
            },
            "type": "library",
            "autoload": {
                "files": [
                    "lib/bootstrap.php"
                ]
            },
            "notification-url": "https://packagist.org/downloads/",
            "license": [
                "BSD-2-Clause"
            ],
            "authors": [
                {
                    "name": "Félix Girault",
                    "email": "felix.girault@gmail.com",
                    "homepage": "http://www.felix-girault.fr",
                    "role": "Developer"
                }
            ],
            "description": "Extracts informations about medias on the web, like youtube videos, twitter statuses or blog articles.",
            "homepage": "http://github.com/felixgirault/essence",
            "keywords": [
                "embed",
                "media",
                "oembed",
                "opengraph"
            ],
            "abandoned": "essence/essence",
            "time": "2014-03-29T12:35:10+00:00"
        },
        {
            "name": "picocms/pico",
            "version": "v1.0.4",
            "source": {
                "type": "git",
                "url": "https://github.com/picocms/Pico.git",
                "reference": "ac3f9b67424005ecae75c8474901a548f3add20b"
            },
            "dist": {
                "type": "zip",
                "url": "https://api.github.com/repos/picocms/Pico/zipball/ac3f9b67424005ecae75c8474901a548f3add20b",
                "reference": "ac3f9b67424005ecae75c8474901a548f3add20b",
                "shasum": ""
            },
            "require": {
                "erusev/parsedown-extra": "^0.7",
                "php": ">=5.3.6",
                "symfony/yaml": "^2.3",
                "twig/twig": "^1.18"
            },
            "require-dev": {
                "phpdocumentor/phpdocumentor": "^2.8",
                "squizlabs/php_codesniffer": "^2.4"
            },
            "type": "library",
            "autoload": {
                "psr-0": {
                    "Pico": "lib/",
                    "PicoPluginInterface": "lib/",
                    "AbstractPicoPlugin": "lib/"
                }
            },
            "license": [
                "MIT"
            ],
            "authors": [
                {
                    "name": "Gilbert Pellegrom",
                    "email": "gilbert@pellegrom.me",
                    "role": "Project Founder"
                },
                {
                    "name": "The Pico Community",
                    "homepage": "https://github.com/picocms/Pico/graphs/contributors",
                    "role": "Contributors"
                }
            ],
            "description": "Pico is a flat file CMS, this means there is no administration backend and database to deal with. You simply create .md files in the \"content\" folder and that becomes a page.",
            "homepage": "http://picocms.org/",
            "keywords": [
                "cms",
                "flat-file",
                "markdown",
                "php",
                "twig"
            ],
            "support": {
                "docs": "http://picocms.org/docs",
                "issues": "https://github.com/picocms/Pico/issues",
                "source": "https://github.com/picocms/Pico"
            },
            "time": "2016-10-04T11:16:02+00:00"
        },
        {
            "name": "symfony/polyfill-ctype",
            "version": "v1.19.0",
            "source": {
                "type": "git",
                "url": "https://github.com/symfony/polyfill-ctype.git",
                "reference": "aed596913b70fae57be53d86faa2e9ef85a2297b"
            },
            "dist": {
                "type": "zip",
                "url": "https://api.github.com/repos/symfony/polyfill-ctype/zipball/aed596913b70fae57be53d86faa2e9ef85a2297b",
                "reference": "aed596913b70fae57be53d86faa2e9ef85a2297b",
                "shasum": ""
            },
            "require": {
                "php": ">=5.3.3"
            },
            "suggest": {
                "ext-ctype": "For best performance"
            },
            "type": "library",
            "extra": {
                "branch-alias": {
                    "dev-main": "1.19-dev"
                },
                "thanks": {
                    "name": "symfony/polyfill",
                    "url": "https://github.com/symfony/polyfill"
                }
            },
            "autoload": {
                "files": [
                    "bootstrap.php"
                ],
                "psr-4": {
                    "Symfony\\Polyfill\\Ctype\\": ""
                }
            },
            "notification-url": "https://packagist.org/downloads/",
            "license": [
                "MIT"
            ],
            "authors": [
                {
                    "name": "Gert de Pagter",
                    "email": "BackEndTea@gmail.com"
                },
                {
                    "name": "Symfony Community",
                    "homepage": "https://symfony.com/contributors"
                }
            ],
            "description": "Symfony polyfill for ctype functions",
            "homepage": "https://symfony.com",
            "keywords": [
                "compatibility",
                "ctype",
                "polyfill",
                "portable"
            ],
            "support": {
                "source": "https://github.com/symfony/polyfill-ctype/tree/v1.19.0"
            },
            "funding": [
                {
                    "url": "https://symfony.com/sponsor",
                    "type": "custom"
                },
                {
                    "url": "https://github.com/fabpot",
                    "type": "github"
                },
                {
                    "url": "https://tidelift.com/funding/github/packagist/symfony/symfony",
                    "type": "tidelift"
                }
            ],
            "time": "2020-10-23T09:01:57+00:00"
        },
        {
            "name": "symfony/yaml",
            "version": "2.8.x-dev",
            "source": {
                "type": "git",
                "url": "https://github.com/symfony/yaml.git",
                "reference": "396784cd06b91f3db576f248f2402d547a077787"
            },
            "dist": {
                "type": "zip",
                "url": "https://api.github.com/repos/symfony/yaml/zipball/396784cd06b91f3db576f248f2402d547a077787",
                "reference": "396784cd06b91f3db576f248f2402d547a077787",
                "shasum": ""
            },
            "require": {
                "php": ">=5.3.9"
            },
            "type": "library",
            "extra": {
                "branch-alias": {
                    "dev-master": "2.8-dev"
                }
            },
            "autoload": {
                "psr-4": {
                    "Symfony\\Component\\Yaml\\": ""
                },
                "exclude-from-classmap": [
                    "/Tests/"
                ]
            },
            "notification-url": "https://packagist.org/downloads/",
            "license": [
                "MIT"
            ],
            "authors": [
                {
                    "name": "Fabien Potencier",
                    "email": "fabien@symfony.com"
                },
                {
                    "name": "Symfony Community",
                    "homepage": "https://symfony.com/contributors"
                }
            ],
            "description": "Symfony Yaml Component",
            "homepage": "https://symfony.com",
            "time": "2016-10-21T20:59:10+00:00"
        },
        {
            "name": "twig/twig",
            "version": "v1.42.2",
            "source": {
                "type": "git",
                "url": "https://github.com/twigphp/Twig.git",
                "reference": "21707d6ebd05476854805e4f91b836531941bcd4"
            },
            "dist": {
                "type": "zip",
                "url": "https://api.github.com/repos/twigphp/Twig/zipball/21707d6ebd05476854805e4f91b836531941bcd4",
                "reference": "21707d6ebd05476854805e4f91b836531941bcd4",
                "shasum": ""
            },
            "require": {
                "php": ">=5.4.0",
                "symfony/polyfill-ctype": "^1.8"
            },
            "require-dev": {
                "psr/container": "^1.0",
                "symfony/debug": "^2.7",
                "symfony/phpunit-bridge": "^3.4.19|^4.1.8|^5.0"
            },
            "type": "library",
            "extra": {
                "branch-alias": {
                    "dev-master": "1.42-dev"
                }
            },
            "autoload": {
                "psr-0": {
                    "Twig_": "lib/"
                },
                "psr-4": {
                    "Twig\\": "src/"
                }
            },
            "notification-url": "https://packagist.org/downloads/",
            "license": [
                "BSD-3-Clause"
            ],
            "authors": [
                {
                    "name": "Fabien Potencier",
                    "email": "fabien@symfony.com",
                    "homepage": "http://fabien.potencier.org",
                    "role": "Lead Developer"
                },
                {
                    "name": "Armin Ronacher",
                    "email": "armin.ronacher@active-4.com",
                    "role": "Project Founder"
                },
                {
                    "name": "Twig Team",
                    "homepage": "https://twig.symfony.com/contributors",
                    "role": "Contributors"
                }
            ],
            "description": "Twig, the flexible, fast, and secure template language for PHP",
            "homepage": "https://twig.symfony.com",
            "keywords": [
                "templating"
            ],
            "support": {
                "issues": "https://github.com/twigphp/Twig/issues",
                "source": "https://github.com/twigphp/Twig/tree/1.x"
            },
            "time": "2019-06-18T15:35:16+00:00"
        },
        {
            "name": "z720/pico_oembed",
            "version": "0.1.1",
            "source": {
                "type": "git",
                "url": "https://github.com/z720/pico_oembed.git",
                "reference": "e30cde6d63bbe4b0e05329599035e229fda8998d"
            },
            "dist": {
                "type": "zip",
                "url": "https://api.github.com/repos/z720/pico_oembed/zipball/e30cde6d63bbe4b0e05329599035e229fda8998d",
                "reference": "e30cde6d63bbe4b0e05329599035e229fda8998d",
                "shasum": ""
            },
            "require": {
                "fg/essence": "2.4"
            },
            "require-dev": {
                "phpunit/phpunit": "3.7.*"
            },
            "type": "library",
            "autoload": {
                "classmap": [
                    "Pico_oEmbed.php"
                ]
            },
            "notification-url": "https://packagist.org/downloads/",
            "authors": [
                {
                    "name": "Sebastien Erard",
                    "email": "blog@z720.net"
                }
            ],
            "description": "oEmbed Pico Plugin",
            "homepage": "http://z720.net/pico/oembed",
            "time": "2014-04-27T14:44:25+00:00"
        },
        {
            "name": "z720/pico_scheduled_post",
            "version": "0.1.1",
            "source": {
                "type": "git",
                "url": "https://github.com/z720/pico_scheduled_post.git",
                "reference": "06c60934d3d33ac7f968b9f00036b601ab78ae26"
            },
            "dist": {
                "type": "zip",
                "url": "https://api.github.com/repos/z720/pico_scheduled_post/zipball/06c60934d3d33ac7f968b9f00036b601ab78ae26",
                "reference": "06c60934d3d33ac7f968b9f00036b601ab78ae26",
                "shasum": ""
            },
            "suggest": {
                "gilbitron/Pico": "~0.8"
            },
            "type": "library",
            "autoload": {
                "classmap": [
                    "Pico_Scheduled_Post.php"
                ]
            },
            "notification-url": "https://packagist.org/downloads/",
            "license": [
                "MIT"
            ],
            "authors": [
                {
                    "name": "Sebastien Erard",
                    "email": "blog@z720.net"
                }
            ],
            "description": "Post/Page scheduling in PicoCMS",
            "time": "2014-04-27T16:00:08+00:00"
        }
    ],
    "packages-dev": [],
    "aliases": [],
    "minimum-stability": "dev",
    "stability-flags": [],
    "prefer-stable": false,
    "prefer-lowest": false,
    "platform": {
        "php": ">=5.4"
    },
    "platform-dev": [],
    "plugin-api-version": "2.6.0"
}
